
Microsoft Visual Studio Solution File, Format Version 12.00
# Visual Studio Version 17
VisualStudioVersion = 17.5.002.0
MinimumVisualStudioVersion = 10.0.40219.1
Project("{9A19103F-16F7-4668-BE54-9A1E7A4F7556}") = "MiProyectoDapper", "MiProyectoDapper\MiProyectoDapper.csproj", "{68D749CE-E46D-472C-8E09-D16D2A63D87D}"
EndProject
Global
	GlobalSection(SolutionConfigurationPlatforms) = preSolution
		Debug|Any CPU = Debug|Any CPU
		Release|Any CPU = Release|Any CPU
	EndGlobalSection
	GlobalSection(ProjectConfigurationPlatforms) = postSolution
		{68D749CE-E46D-472C-8E09-D16D2A63D87D}.Debug|Any CPU.ActiveCfg = Debug|Any CPU
		{68D749CE-E46D-472C-8E09-D16D2A63D87D}.Debug|Any CPU.Build.0 = Debug|Any CPU
		{68D749CE-E46D-472C-8E09-D16D2A63D87D}.Release|Any CPU.ActiveCfg = Release|Any CPU
		{68D749CE-E46D-472C-8E09-D16D2A63D87D}.Release|Any CPU.Build.0 = Release|Any CPU
	EndGlobalSection
	GlobalSection(SolutionProperties) = preSolution
		HideSolutionNode = FALSE
	EndGlobalSection
	GlobalSection(ExtensibilityGlobals) = postSolution
		SolutionGuid = {9521C476-5AEB-49A4-A5B2-3E2B0E2B2FF9}
	EndGlobalSection
EndGlobal
